
Microsoft Visual Studio Solution File, Format Version 12.00
# Visual Studio Version 17
VisualStudioVersion = 17.9.34622.214
MinimumVisualStudioVersion = 10.0.40219.1
Project("{FAE04EC0-301F-11D3-BF4B-00C04F79EFBC}") = "BtkProje.App", "BtkProje.App\BtkProje.App.csproj", "{CBC776D0-6E3B-4782-98A2-B04A5AB71D86}"
EndProject
Project("{FAE04EC0-301F-11D3-BF4B-00C04F79EFBC}") = "BtkProje.Servis", "BtkProje.Servis\BtkProje.Servis.csproj", "{72D41E0F-8C08-496B-9218-F5996F9115A6}"
EndProject
Project("{FAE04EC0-301F-11D3-BF4B-00C04F79EFBC}") = "BtkProje.Model", "BtkProje.Model\BtkProje.Model.csproj", "{B8CFEB08-9B60-4879-BE46-FE029D12AB94}"
EndProject
Global
	GlobalSection(SolutionConfigurationPlatforms) = preSolution
		Debug|Any CPU = Debug|Any CPU
		Release|Any CPU = Release|Any CPU
	EndGlobalSection
	GlobalSection(ProjectConfigurationPlatforms) = postSolution
		{CBC776D0-6E3B-4782-98A2-B04A5AB71D86}.Debug|Any CPU.ActiveCfg = Debug|Any CPU
		{CBC776D0-6E3B-4782-98A2-B04A5AB71D86}.Debug|Any CPU.Build.0 = Debug|Any CPU
		{CBC776D0-6E3B-4782-98A2-B04A5AB71D86}.Release|Any CPU.ActiveCfg = Release|Any CPU
		{CBC776D0-6E3B-4782-98A2-B04A5AB71D86}.Release|Any CPU.Build.0 = Release|Any CPU
		{72D41E0F-8C08-496B-9218-F5996F9115A6}.Debug|Any CPU.ActiveCfg = Debug|Any CPU
		{72D41E0F-8C08-496B-9218-F5996F9115A6}.Debug|Any CPU.Build.0 = Debug|Any CPU
		{72D41E0F-8C08-496B-9218-F5996F9115A6}.Release|Any CPU.ActiveCfg = Release|Any CPU
		{72D41E0F-8C08-496B-9218-F5996F9115A6}.Release|Any CPU.Build.0 = Release|Any CPU
		{B8CFEB08-9B60-4879-BE46-FE029D12AB94}.Debug|Any CPU.ActiveCfg = Debug|Any CPU
		{B8CFEB08-9B60-4879-BE46-FE029D12AB94}.Debug|Any CPU.Build.0 = Debug|Any CPU
		{B8CFEB08-9B60-4879-BE46-FE029D12AB94}.Release|Any CPU.ActiveCfg = Release|Any CPU
		{B8CFEB08-9B60-4879-BE46-FE029D12AB94}.Release|Any CPU.Build.0 = Release|Any CPU
	EndGlobalSection
	GlobalSection(SolutionProperties) = preSolution
		HideSolutionNode = FALSE
	EndGlobalSection
	GlobalSection(ExtensibilityGlobals) = postSolution
		SolutionGuid = {140C5B2D-1B3B-46BE-92E6-F06ADF4519F3}
	EndGlobalSection
EndGlobal
